// !$*UTF8*$!
{
	archiveVersion = 1;
	classes = {
	};
	objectVersion = 46;
	objects = {

/* Begin PBXBuildFile section */
		0BE702ED297ECDB858B1FDA1 /* Pods_LYAutoPhotoPickers.framework in Frameworks */ = {isa = PBXBuildFile; fileRef = 0193666CA00E098FDE027D65 /* Pods_LYAutoPhotoPickers.framework */; };
		8B1F992B1EF231B7004DA42A /* AppDelegate.swift in Sources */ = {isa = PBXBuildFile; fileRef = 8B1F992A1EF231B7004DA42A /* AppDelegate.swift */; };
		8B1F992D1EF231B7004DA42A /* ViewController.swift in Sources */ = {isa = PBXBuildFile; fileRef = 8B1F992C1EF231B7004DA42A /* ViewController.swift */; };
		8B1F99301EF231B7004DA42A /* Main.storyboard in Resources */ = {isa = PBXBuildFile; fileRef = 8B1F992E1EF231B7004DA42A /* Main.storyboard */; };
		8B1F99321EF231B7004DA42A /* Assets.xcassets in Resources */ = {isa = PBXBuildFile; fileRef = 8B1F99311EF231B7004DA42A /* Assets.xcassets */; };
		8B1F99351EF231B7004DA42A /* LaunchScreen.storyboard in Resources */ = {isa = PBXBuildFile; fileRef = 8B1F99331EF231B7004DA42A /* LaunchScreen.storyboard */; };
		8B1F99511EF231F1004DA42A /* ly_arrow_detail@2x.png in Resources */ = {isa = PBXBuildFile; fileRef = 8B1F993F1EF231F1004DA42A /* ly_arrow_detail@2x.png */; };
		8B1F99521EF231F1004DA42A /* ly_arrow_detail@3x.png in Resources */ = {isa = PBXBuildFile; fileRef = 8B1F99401EF231F1004DA42A /* ly_arrow_detail@3x.png */; };
		8B1F99531EF231F1004DA42A /* ly_camera-front-on@2x.png in Resources */ = {isa = PBXBuildFile; fileRef = 8B1F99411EF231F1004DA42A /* ly_camera-front-on@2x.png */; };
		8B1F99541EF231F1004DA42A /* ly_camera-front-on@3x.png in Resources */ = {isa = PBXBuildFile; fileRef = 8B1F99421EF231F1004DA42A /* ly_camera-front-on@3x.png */; };
		8B1F99551EF231F1004DA42A /* ly_cross@2x.png in Resources */ = {isa = PBXBuildFile; fileRef = 8B1F99431EF231F1004DA42A /* ly_cross@2x.png */; };
		8B1F99561EF231F1004DA42A /* ly_cross@3x.png in Resources */ = {isa = PBXBuildFile; fileRef = 8B1F99441EF231F1004DA42A /* ly_cross@3x.png */; };
		8B1F99571EF231F1004DA42A /* ly_cut@2x.png in Resources */ = {isa = PBXBuildFile; fileRef = 8B1F99451EF231F1004DA42A /* ly_cut@2x.png */; };
		8B1F99581EF231F1004DA42A /* ly_cut@3x.png in Resources */ = {isa = PBXBuildFile; fileRef = 8B1F99461EF231F1004DA42A /* ly_cut@3x.png */; };
		8B1F99591EF231F1004DA42A /* ly_flash-off@2x.png in Resources */ = {isa = PBXBuildFile; fileRef = 8B1F99471EF231F1004DA42A /* ly_flash-off@2x.png */; };
		8B1F995A1EF231F1004DA42A /* ly_flash-off@3x.png in Resources */ = {isa = PBXBuildFile; fileRef = 8B1F99481EF231F1004DA42A /* ly_flash-off@3x.png */; };
		8B1F995D1EF231F1004DA42A /* ly_lock@2x.png in Resources */ = {isa = PBXBuildFile; fileRef = 8B1F994B1EF231F1004DA42A /* ly_lock@2x.png */; };
		8B1F995E1EF231F1004DA42A /* ly_lock@3x.png in Resources */ = {isa = PBXBuildFile; fileRef = 8B1F994C1EF231F1004DA42A /* ly_lock@3x.png */; };
		8B1F995F1EF231F1004DA42A /* ly_round@2x.png in Resources */ = {isa = PBXBuildFile; fileRef = 8B1F994D1EF231F1004DA42A /* ly_round@2x.png */; };
		8B1F99601EF231F1004DA42A /* ly_round@3x.png in Resources */ = {isa = PBXBuildFile; fileRef = 8B1F994E1EF231F1004DA42A /* ly_round@3x.png */; };
		8B1F99611EF231F1004DA42A /* ly_sure@2x.png in Resources */ = {isa = PBXBuildFile; fileRef = 8B1F994F1EF231F1004DA42A /* ly_sure@2x.png */; };
		8B1F99621EF231F1004DA42A /* ly_sure@3x.png in Resources */ = {isa = PBXBuildFile; fileRef = 8B1F99501EF231F1004DA42A /* ly_sure@3x.png */; };
		8B3895F21F033A470052C479 /* LYAutoPhotoBasicController.swift in Sources */ = {isa = PBXBuildFile; fileRef = 8B3895F11F033A470052C479 /* LYAutoPhotoBasicController.swift */; };
		8B3895F41F033E3C0052C479 /* LYAutoCameraController.swift in Sources */ = {isa = PBXBuildFile; fileRef = 8B3895F31F033E3C0052C479 /* LYAutoCameraController.swift */; };
		8B3F3DFE2005E3EA00243212 /* ly_flash-auto@3x.png in Resources */ = {isa = PBXBuildFile; fileRef = 8B3F3DFA2005E3E900243212 /* ly_flash-auto@3x.png */; };
		8B3F3DFF2005E3EA00243212 /* ly_flash-on@2x.png in Resources */ = {isa = PBXBuildFile; fileRef = 8B3F3DFB2005E3E900243212 /* ly_flash-on@2x.png */; };
		8B3F3E002005E3EA00243212 /* ly_flash-auto@2x.png in Resources */ = {isa = PBXBuildFile; fileRef = 8B3F3DFC2005E3E900243212 /* ly_flash-auto@2x.png */; };
		8B3F3E012005E3EA00243212 /* ly_flash-on@3x.png in Resources */ = {isa = PBXBuildFile; fileRef = 8B3F3DFD2005E3EA00243212 /* ly_flash-on@3x.png */; };
		8B60D9181F09D36E005D57DD /* LYAutoPhotoExtensions.swift in Sources */ = {isa = PBXBuildFile; fileRef = 8B60D9171F09D36E005D57DD /* LYAutoPhotoExtensions.swift */; };
		8B60D91A1F0A203F005D57DD /* LYAutoQRCodeController.swift in Sources */ = {isa = PBXBuildFile; fileRef = 8B60D9191F0A203F005D57DD /* LYAutoQRCodeController.swift */; };
		8B838CC01F05F46B0009A4D9 /* LYAutoAlbumsController.swift in Sources */ = {isa = PBXBuildFile; fileRef = 8B838CBF1F05F46B0009A4D9 /* LYAutoAlbumsController.swift */; };
		8B838CC51F05F4B10009A4D9 /* LYAutoAlbumCell.swift in Sources */ = {isa = PBXBuildFile; fileRef = 8B838CC31F05F4B10009A4D9 /* LYAutoAlbumCell.swift */; };
		8B838CC61F05F4B10009A4D9 /* LYAutoAlbumCell.xib in Resources */ = {isa = PBXBuildFile; fileRef = 8B838CC41F05F4B10009A4D9 /* LYAutoAlbumCell.xib */; };
		8B838CCB1F0625850009A4D9 /* LYAutoPhotosController.swift in Sources */ = {isa = PBXBuildFile; fileRef = 8B838CC91F0625850009A4D9 /* LYAutoPhotosController.swift */; };
		8B838CCC1F0625850009A4D9 /* LYAutoPhotosController.xib in Resources */ = {isa = PBXBuildFile; fileRef = 8B838CCA1F0625850009A4D9 /* LYAutoPhotosController.xib */; };
		8B838CCF1F062BD80009A4D9 /* LYAutoPhotoSelectCell.swift in Sources */ = {isa = PBXBuildFile; fileRef = 8B838CCD1F062BD80009A4D9 /* LYAutoPhotoSelectCell.swift */; };
		8B838CD01F062BD80009A4D9 /* LYAutoPhotoSelectCell.xib in Resources */ = {isa = PBXBuildFile; fileRef = 8B838CCE1F062BD80009A4D9 /* LYAutoPhotoSelectCell.xib */; };
		8BCA8D9F1F02381A00013B6E /* LYAutoPhotoPickers.swift in Sources */ = {isa = PBXBuildFile; fileRef = 8BCA8D9E1F02381A00013B6E /* LYAutoPhotoPickers.swift */; };
		8BCA8DA21F023F7300013B6E /* LYAutoAuthErrorController.swift in Sources */ = {isa = PBXBuildFile; fileRef = 8BCA8DA01F023F7300013B6E /* LYAutoAuthErrorController.swift */; };
		8BCA8DA31F023F7300013B6E /* LYAutoAuthErrorController.xib in Resources */ = {isa = PBXBuildFile; fileRef = 8BCA8DA11F023F7300013B6E /* LYAutoAuthErrorController.xib */; };
		8BCADC5220072B7B004AFBDF /* LYAutoQRScanView.swift in Sources */ = {isa = PBXBuildFile; fileRef = 8BCADC5120072B7B004AFBDF /* LYAutoQRScanView.swift */; };
		8BCADC5420072B85004AFBDF /* LYAutoQRScanView.xib in Resources */ = {isa = PBXBuildFile; fileRef = 8BCADC5320072B85004AFBDF /* LYAutoQRScanView.xib */; };
/* End PBXBuildFile section */

/* Begin PBXFileReference section */
		0193666CA00E098FDE027D65 /* Pods_LYAutoPhotoPickers.framework */ = {isa = PBXFileReference; explicitFileType = wrapper.framework; includeInIndex = 0; path = Pods_LYAutoPhotoPickers.framework; sourceTree = BUILT_PRODUCTS_DIR; };
		4E69B0E5BC8103B21DC820F6 /* Pods-LYAutoPhotoPickers.release.xcconfig */ = {isa = PBXFileReference; includeInIndex = 1; lastKnownFileType = text.xcconfig; name = "Pods-LYAutoPhotoPickers.release.xcconfig"; path = "Pods/Target Support Files/Pods-LYAutoPhotoPickers/Pods-LYAutoPhotoPickers.release.xcconfig"; sourceTree = "<group>"; };
		8B1F99271EF231B7004DA42A /* LYAutoPhotoPickers.app */ = {isa = PBXFileReference; explicitFileType = wrapper.application; includeInIndex = 0; path = LYAutoPhotoPickers.app; sourceTree = BUILT_PRODUCTS_DIR; };
		8B1F992A1EF231B7004DA42A /* AppDelegate.swift */ = {isa = PBXFileReference; lastKnownFileType = sourcecode.swift; path = AppDelegate.swift; sourceTree = "<group>"; };
		8B1F992C1EF231B7004DA42A /* ViewController.swift */ = {isa = PBXFileReference; lastKnownFileType = sourcecode.swift; path = ViewController.swift; sourceTree = "<group>"; };
		8B1F992F1EF231B7004DA42A /* Base */ = {isa = PBXFileReference; lastKnownFileType = file.storyboard; name = Base; path = Base.lproj/Main.storyboard; sourceTree = "<group>"; };
		8B1F99311EF231B7004DA42A /* Assets.xcassets */ = {isa = PBXFileReference; lastKnownFileType = folder.assetcatalog; path = Assets.xcassets; sourceTree = "<group>"; };
		8B1F99341EF231B7004DA42A /* Base */ = {isa = PBXFileReference; lastKnownFileType = file.storyboard; name = Base; path = Base.lproj/LaunchScreen.storyboard; sourceTree = "<group>"; };
		8B1F99361EF231B7004DA42A /* Info.plist */ = {isa = PBXFileReference; lastKnownFileType = text.plist.xml; path = Info.plist; sourceTree = "<group>"; };
		8B1F993F1EF231F1004DA42A /* ly_arrow_detail@2x.png */ = {isa = PBXFileReference; lastKnownFileType = image.png; path = "ly_arrow_detail@2x.png"; sourceTree = "<group>"; };
		8B1F99401EF231F1004DA42A /* ly_arrow_detail@3x.png */ = {isa = PBXFileReference; lastKnownFileType = image.png; path = "ly_arrow_detail@3x.png"; sourceTree = "<group>"; };
		8B1F99411EF231F1004DA42A /* ly_camera-front-on@2x.png */ = {isa = PBXFileReference; lastKnownFileType = image.png; path = "ly_camera-front-on@2x.png"; sourceTree = "<group>"; };
		8B1F99421EF231F1004DA42A /* ly_camera-front-on@3x.png */ = {isa = PBXFileReference; lastKnownFileType = image.png; path = "ly_camera-front-on@3x.png"; sourceTree = "<group>"; };
		8B1F99431EF231F1004DA42A /* ly_cross@2x.png */ = {isa = PBXFileReference; lastKnownFileType = image.png; path = "ly_cross@2x.png"; sourceTree = "<group>"; };
		8B1F99441EF231F1004DA42A /* ly_cross@3x.png */ = {isa = PBXFileReference; lastKnownFileType = image.png; path = "ly_cross@3x.png"; sourceTree = "<group>"; };
		8B1F99451EF231F1004DA42A /* ly_cut@2x.png */ = {isa = PBXFileReference; lastKnownFileType = image.png; path = "ly_cut@2x.png"; sourceTree = "<group>"; };
		8B1F99461EF231F1004DA42A /* ly_cut@3x.png */ = {isa = PBXFileReference; lastKnownFileType = image.png; path = "ly_cut@3x.png"; sourceTree = "<group>"; };
		8B1F99471EF231F1004DA42A /* ly_flash-off@2x.png */ = {isa = PBXFileReference; lastKnownFileType = image.png; path = "ly_flash-off@2x.png"; sourceTree = "<group>"; };
		8B1F99481EF231F1004DA42A /* ly_flash-off@3x.png */ = {isa = PBXFileReference; lastKnownFileType = image.png; path = "ly_flash-off@3x.png"; sourceTree = "<group>"; };
		8B1F994B1EF231F1004DA42A /* ly_lock@2x.png */ = {isa = PBXFileReference; lastKnownFileType = image.png; path = "ly_lock@2x.png"; sourceTree = "<group>"; };
		8B1F994C1EF231F1004DA42A /* ly_lock@3x.png */ = {isa = PBXFileReference; lastKnownFileType = image.png; path = "ly_lock@3x.png"; sourceTree = "<group>"; };
		8B1F994D1EF231F1004DA42A /* ly_round@2x.png */ = {isa = PBXFileReference; lastKnownFileType = image.png; path = "ly_round@2x.png"; sourceTree = "<group>"; };
		8B1F994E1EF231F1004DA42A /* ly_round@3x.png */ = {isa = PBXFileReference; lastKnownFileType = image.png; path = "ly_round@3x.png"; sourceTree = "<group>"; };
		8B1F994F1EF231F1004DA42A /* ly_sure@2x.png */ = {isa = PBXFileReference; lastKnownFileType = image.png; path = "ly_sure@2x.png"; sourceTree = "<group>"; };
		8B1F99501EF231F1004DA42A /* ly_sure@3x.png */ = {isa = PBXFileReference; lastKnownFileType = image.png; path = "ly_sure@3x.png"; sourceTree = "<group>"; };
		8B3895F11F033A470052C479 /* LYAutoPhotoBasicController.swift */ = {isa = PBXFileReference; fileEncoding = 4; lastKnownFileType = sourcecode.swift; path = LYAutoPhotoBasicController.swift; sourceTree = "<group>"; };
		8B3895F31F033E3C0052C479 /* LYAutoCameraController.swift */ = {isa = PBXFileReference; fileEncoding = 4; lastKnownFileType = sourcecode.swift; path = LYAutoCameraController.swift; sourceTree = "<group>"; };
		8B3F3DFA2005E3E900243212 /* ly_flash-auto@3x.png */ = {isa = PBXFileReference; lastKnownFileType = image.png; path = "ly_flash-auto@3x.png"; sourceTree = "<group>"; };
		8B3F3DFB2005E3E900243212 /* ly_flash-on@2x.png */ = {isa = PBXFileReference; lastKnownFileType = image.png; path = "ly_flash-on@2x.png"; sourceTree = "<group>"; };
		8B3F3DFC2005E3E900243212 /* ly_flash-auto@2x.png */ = {isa = PBXFileReference; lastKnownFileType = image.png; path = "ly_flash-auto@2x.png"; sourceTree = "<group>"; };
		8B3F3DFD2005E3EA00243212 /* ly_flash-on@3x.png */ = {isa = PBXFileReference; lastKnownFileType = image.png; path = "ly_flash-on@3x.png"; sourceTree = "<group>"; };
		8B60D9171F09D36E005D57DD /* LYAutoPhotoExtensions.swift */ = {isa = PBXFileReference; fileEncoding = 4; lastKnownFileType = sourcecode.swift; path = LYAutoPhotoExtensions.swift; sourceTree = "<group>"; };
		8B60D9191F0A203F005D57DD /* LYAutoQRCodeController.swift */ = {isa = PBXFileReference; fileEncoding = 4; lastKnownFileType = sourcecode.swift; path = LYAutoQRCodeController.swift; sourceTree = "<group>"; };
		8B838CBF1F05F46B0009A4D9 /* LYAutoAlbumsController.swift */ = {isa = PBXFileReference; fileEncoding = 4; lastKnownFileType = sourcecode.swift; path = LYAutoAlbumsController.swift; sourceTree = "<group>"; };
		8B838CC31F05F4B10009A4D9 /* LYAutoAlbumCell.swift */ = {isa = PBXFileReference; fileEncoding = 4; lastKnownFileType = sourcecode.swift; path = LYAutoAlbumCell.swift; sourceTree = "<group>"; };
		8B838CC41F05F4B10009A4D9 /* LYAutoAlbumCell.xib */ = {isa = PBXFileReference; fileEncoding = 4; lastKnownFileType = file.xib; path = LYAutoAlbumCell.xib; sourceTree = "<group>"; };
		8B838CC91F0625850009A4D9 /* LYAutoPhotosController.swift */ = {isa = PBXFileReference; fileEncoding = 4; lastKnownFileType = sourcecode.swift; path = LYAutoPhotosController.swift; sourceTree = "<group>"; };
		8B838CCA1F0625850009A4D9 /* LYAutoPhotosController.xib */ = {isa = PBXFileReference; fileEncoding = 4; lastKnownFileType = file.xib; path = LYAutoPhotosController.xib; sourceTree = "<group>"; };
		8B838CCD1F062BD80009A4D9 /* LYAutoPhotoSelectCell.swift */ = {isa = PBXFileReference; fileEncoding = 4; lastKnownFileType = sourcecode.swift; path = LYAutoPhotoSelectCell.swift; sourceTree = "<group>"; };
		8B838CCE1F062BD80009A4D9 /* LYAutoPhotoSelectCell.xib */ = {isa = PBXFileReference; fileEncoding = 4; lastKnownFileType = file.xib; path = LYAutoPhotoSelectCell.xib; sourceTree = "<group>"; };
		8BCA8D9E1F02381A00013B6E /* LYAutoPhotoPickers.swift */ = {isa = PBXFileReference; fileEncoding = 4; lastKnownFileType = sourcecode.swift; path = LYAutoPhotoPickers.swift; sourceTree = "<group>"; };
		8BCA8DA01F023F7300013B6E /* LYAutoAuthErrorController.swift */ = {isa = PBXFileReference; fileEncoding = 4; lastKnownFileType = sourcecode.swift; path = LYAutoAuthErrorController.swift; sourceTree = "<group>"; };
		8BCA8DA11F023F7300013B6E /* LYAutoAuthErrorController.xib */ = {isa = PBXFileReference; fileEncoding = 4; lastKnownFileType = file.xib; path = LYAutoAuthErrorController.xib; sourceTree = "<group>"; };
		8BCADC5120072B7B004AFBDF /* LYAutoQRScanView.swift */ = {isa = PBXFileReference; lastKnownFileType = sourcecode.swift; path = LYAutoQRScanView.swift; sourceTree = "<group>"; };
		8BCADC5320072B85004AFBDF /* LYAutoQRScanView.xib */ = {isa = PBXFileReference; lastKnownFileType = file.xib; path = LYAutoQRScanView.xib; sourceTree = "<group>"; };
		8FB9C1EE28964138CD78EF4C /* Pods-LYAutoPhotoPickers.debug.xcconfig */ = {isa = PBXFileReference; includeInIndex = 1; lastKnownFileType = text.xcconfig; name = "Pods-LYAutoPhotoPickers.debug.xcconfig"; path = "Pods/Target Support Files/Pods-LYAutoPhotoPickers/Pods-LYAutoPhotoPickers.debug.xcconfig"; sourceTree = "<group>"; };
/* End PBXFileReference section */

/* Begin PBXFrameworksBuildPhase section */
		8B1F99241EF231B7004DA42A /* Frameworks */ = {
			isa = PBXFrameworksBuildPhase;
			buildActionMask = 2147483647;
			files = (
				0BE702ED297ECDB858B1FDA1 /* Pods_LYAutoPhotoPickers.framework in Frameworks */,
			);
			runOnlyForDeploymentPostprocessing = 0;
		};
/* End PBXFrameworksBuildPhase section */

/* Begin PBXGroup section */
		8B0EB8E30BD71D7DD51BAF8A /* Pods */ = {
			isa = PBXGroup;
			children = (
				8FB9C1EE28964138CD78EF4C /* Pods-LYAutoPhotoPickers.debug.xcconfig */,
				4E69B0E5BC8103B21DC820F6 /* Pods-LYAutoPhotoPickers.release.xcconfig */,
			);
			name = Pods;
			sourceTree = "<group>";
		};
		8B1F991E1EF231B7004DA42A = {
			isa = PBXGroup;
			children = (
				8B1F993C1EF231F1004DA42A /* Classes */,
				8B1F99291EF231B7004DA42A /* LYAutoPhotoPickers */,
				8B1F99281EF231B7004DA42A /* Products */,
				8B0EB8E30BD71D7DD51BAF8A /* Pods */,
				DBC7EB787591F81AE78E96E9 /* Frameworks */,
			);
			sourceTree = "<group>";
		};
		8B1F99281EF231B7004DA42A /* Products */ = {
			isa = PBXGroup;
			children = (
				8B1F99271EF231B7004DA42A /* LYAutoPhotoPickers.app */,
			);
			name = Products;
			sourceTree = "<group>";
		};
		8B1F99291EF231B7004DA42A /* LYAutoPhotoPickers */ = {
			isa = PBXGroup;
			children = (
				8B1F992A1EF231B7004DA42A /* AppDelegate.swift */,
				8B1F992C1EF231B7004DA42A /* ViewController.swift */,
				8B1F992E1EF231B7004DA42A /* Main.storyboard */,
				8B1F99311EF231B7004DA42A /* Assets.xcassets */,
				8B1F99331EF231B7004DA42A /* LaunchScreen.storyboard */,
				8B1F99361EF231B7004DA42A /* Info.plist */,
			);
			path = LYAutoPhotoPickers;
			sourceTree = "<group>";
		};
		8B1F993C1EF231F1004DA42A /* Classes */ = {
			isa = PBXGroup;
			children = (
				8B1F993D1EF231F1004DA42A /* Classes */,
				8B1F993E1EF231F1004DA42A /* Resources */,
			);
			name = Classes;
			path = ../Classes;
			sourceTree = "<group>";
		};
		8B1F993D1EF231F1004DA42A /* Classes */ = {
			isa = PBXGroup;
			children = (
				8BCA8D9E1F02381A00013B6E /* LYAutoPhotoPickers.swift */,
				8BCA8DA01F023F7300013B6E /* LYAutoAuthErrorController.swift */,
				8BCA8DA11F023F7300013B6E /* LYAutoAuthErrorController.xib */,
				8B3895F11F033A470052C479 /* LYAutoPhotoBasicController.swift */,
				8B3895F31F033E3C0052C479 /* LYAutoCameraController.swift */,
				8B838CBF1F05F46B0009A4D9 /* LYAutoAlbumsController.swift */,
				8B838CC31F05F4B10009A4D9 /* LYAutoAlbumCell.swift */,
				8B838CC41F05F4B10009A4D9 /* LYAutoAlbumCell.xib */,
				8B838CC91F0625850009A4D9 /* LYAutoPhotosController.swift */,
				8B838CCA1F0625850009A4D9 /* LYAutoPhotosController.xib */,
				8B838CCD1F062BD80009A4D9 /* LYAutoPhotoSelectCell.swift */,
				8B838CCE1F062BD80009A4D9 /* LYAutoPhotoSelectCell.xib */,
				8B60D9191F0A203F005D57DD /* LYAutoQRCodeController.swift */,
				8BCADC5120072B7B004AFBDF /* LYAutoQRScanView.swift */,
				8BCADC5320072B85004AFBDF /* LYAutoQRScanView.xib */,
				8B60D9171F09D36E005D57DD /* LYAutoPhotoExtensions.swift */,
			);
			path = Classes;
			sourceTree = "<group>";
		};
		8B1F993E1EF231F1004DA42A /* Resources */ = {
			isa = PBXGroup;
			children = (
				8B1F993F1EF231F1004DA42A /* ly_arrow_detail@2x.png */,
				8B1F99401EF231F1004DA42A /* ly_arrow_detail@3x.png */,
				8B1F99411EF231F1004DA42A /* ly_camera-front-on@2x.png */,
				8B1F99421EF231F1004DA42A /* ly_camera-front-on@3x.png */,
				8B1F99431EF231F1004DA42A /* ly_cross@2x.png */,
				8B1F99441EF231F1004DA42A /* ly_cross@3x.png */,
				8B1F99451EF231F1004DA42A /* ly_cut@2x.png */,
				8B1F99461EF231F1004DA42A /* ly_cut@3x.png */,
				8B1F99471EF231F1004DA42A /* ly_flash-off@2x.png */,
				8B1F99481EF231F1004DA42A /* ly_flash-off@3x.png */,
				8B3F3DFC2005E3E900243212 /* ly_flash-auto@2x.png */,
				8B3F3DFA2005E3E900243212 /* ly_flash-auto@3x.png */,
				8B3F3DFB2005E3E900243212 /* ly_flash-on@2x.png */,
				8B3F3DFD2005E3EA00243212 /* ly_flash-on@3x.png */,
				8B1F994B1EF231F1004DA42A /* ly_lock@2x.png */,
				8B1F994C1EF231F1004DA42A /* ly_lock@3x.png */,
				8B1F994D1EF231F1004DA42A /* ly_round@2x.png */,
				8B1F994E1EF231F1004DA42A /* ly_round@3x.png */,
				8B1F994F1EF231F1004DA42A /* ly_sure@2x.png */,
				8B1F99501EF231F1004DA42A /* ly_sure@3x.png */,
			);
			path = Resources;
			sourceTree = "<group>";
		};
		DBC7EB787591F81AE78E96E9 /* Frameworks */ = {
			isa = PBXGroup;
			children = (
				0193666CA00E098FDE027D65 /* Pods_LYAutoPhotoPickers.framework */,
			);
			name = Frameworks;
			sourceTree = "<group>";
		};
/* End PBXGroup section */

/* Begin PBXNativeTarget section */
		8B1F99261EF231B7004DA42A /* LYAutoPhotoPickers */ = {
			isa = PBXNativeTarget;
			buildConfigurationList = 8B1F99391EF231B7004DA42A /* Build configuration list for PBXNativeTarget "LYAutoPhotoPickers" */;
			buildPhases = (
				39E0B4AF7F976F46DD1C386D /* [CP] Check Pods Manifest.lock */,
				8B1F99231EF231B7004DA42A /* Sources */,
				8B1F99241EF231B7004DA42A /* Frameworks */,
				8B1F99251EF231B7004DA42A /* Resources */,
				1891A18AD1881E91AA5BEA3D /* [CP] Embed Pods Frameworks */,
				5165A9E474A45535CE9EE220 /* [CP] Copy Pods Resources */,
			);
			buildRules = (
			);
			dependencies = (
			);
			name = LYAutoPhotoPickers;
			productName = LYAutoPhotoPickers;
			productReference = 8B1F99271EF231B7004DA42A /* LYAutoPhotoPickers.app */;
			productType = "com.apple.product-type.application";
		};
/* End PBXNativeTarget section */

/* Begin PBXProject section */
		8B1F991F1EF231B7004DA42A /* Project object */ = {
			isa = PBXProject;
			attributes = {
				LastSwiftUpdateCheck = 0830;
				LastUpgradeCheck = 0900;
				ORGANIZATIONNAME = lyning;
				TargetAttributes = {
					8B1F99261EF231B7004DA42A = {
						CreatedOnToolsVersion = 8.3.2;
						DevelopmentTeam = 28B5J4N7T8;
						LastSwiftMigration = 0900;
						ProvisioningStyle = Manual;
					};
				};
			};
			buildConfigurationList = 8B1F99221EF231B7004DA42A /* Build configuration list for PBXProject "LYAutoPhotoPickers" */;
			compatibilityVersion = "Xcode 3.2";
			developmentRegion = English;
			hasScannedForEncodings = 0;
			knownRegions = (
				en,
				Base,
			);
			mainGroup = 8B1F991E1EF231B7004DA42A;
			productRefGroup = 8B1F99281EF231B7004DA42A /* Products */;
			projectDirPath = "";
			projectRoot = "";
			targets = (
				8B1F99261EF231B7004DA42A /* LYAutoPhotoPickers */,
			);
		};
/* End PBXProject section */

/* Begin PBXResourcesBuildPhase section */
		8B1F99251EF231B7004DA42A /* Resources */ = {
			isa = PBXResourcesBuildPhase;
			buildActionMask = 2147483647;
			files = (
				8B1F99511EF231F1004DA42A /* ly_arrow_detail@2x.png in Resources */,
				8B1F99541EF231F1004DA42A /* ly_camera-front-on@3x.png in Resources */,
				8BCADC5420072B85004AFBDF /* LYAutoQRScanView.xib in Resources */,
				8B838CCC1F0625850009A4D9 /* LYAutoPhotosController.xib in Resources */,
				8B1F99611EF231F1004DA42A /* ly_sure@2x.png in Resources */,
				8B1F99551EF231F1004DA42A /* ly_cross@2x.png in Resources */,
				8B1F99351EF231B7004DA42A /* LaunchScreen.storyboard in Resources */,
				8B1F99321EF231B7004DA42A /* Assets.xcassets in Resources */,
				8B1F99521EF231F1004DA42A /* ly_arrow_detail@3x.png in Resources */,
				8B1F99571EF231F1004DA42A /* ly_cut@2x.png in Resources */,
				8B1F995E1EF231F1004DA42A /* ly_lock@3x.png in Resources */,
				8B3F3DFE2005E3EA00243212 /* ly_flash-auto@3x.png in Resources */,
				8B1F99621EF231F1004DA42A /* ly_sure@3x.png in Resources */,
				8B1F995D1EF231F1004DA42A /* ly_lock@2x.png in Resources */,
				8B1F99301EF231B7004DA42A /* Main.storyboard in Resources */,
				8B1F99561EF231F1004DA42A /* ly_cross@3x.png in Resources */,
				8B1F995A1EF231F1004DA42A /* ly_flash-off@3x.png in Resources */,
				8B1F99601EF231F1004DA42A /* ly_round@3x.png in Resources */,
				8B838CC61F05F4B10009A4D9 /* LYAutoAlbumCell.xib in Resources */,
				8B3F3E012005E3EA00243212 /* ly_flash-on@3x.png in Resources */,
				8B1F995F1EF231F1004DA42A /* ly_round@2x.png in Resources */,
				8B838CD01F062BD80009A4D9 /* LYAutoPhotoSelectCell.xib in Resources */,
				8B3F3DFF2005E3EA00243212 /* ly_flash-on@2x.png in Resources */,
				8BCA8DA31F023F7300013B6E /* LYAutoAuthErrorController.xib in Resources */,
				8B1F99531EF231F1004DA42A /* ly_camera-front-on@2x.png in Resources */,
				8B1F99591EF231F1004DA42A /* ly_flash-off@2x.png in Resources */,
				8B1F99581EF231F1004DA42A /* ly_cut@3x.png in Resources */,
				8B3F3E002005E3EA00243212 /* ly_flash-auto@2x.png in Resources */,
			);
			runOnlyForDeploymentPostprocessing = 0;
		};
/* End PBXResourcesBuildPhase section */

/* Begin PBXShellScriptBuildPhase section */
		1891A18AD1881E91AA5BEA3D /* [CP] Embed Pods Frameworks */ = {
			isa = PBXShellScriptBuildPhase;
			buildActionMask = 2147483647;
			files = (
			);
			inputPaths = (
				"${SRCROOT}/Pods/Target Support Files/Pods-LYAutoPhotoPickers/Pods-LYAutoPhotoPickers-frameworks.sh",
				"${BUILT_PRODUCTS_DIR}/DACircularProgress/DACircularProgress.framework",
				"${BUILT_PRODUCTS_DIR}/IDMPhotoBrowser/IDMPhotoBrowser.framework",
				"${BUILT_PRODUCTS_DIR}/LYAutoUtils/LYAutoUtils.framework",
				"${BUILT_PRODUCTS_DIR}/SDWebImage/SDWebImage.framework",
				"${BUILT_PRODUCTS_DIR}/SSZipArchive/SSZipArchive.framework",
				"${BUILT_PRODUCTS_DIR}/TOCropViewController/TOCropViewController.framework",
				"${BUILT_PRODUCTS_DIR}/pop/pop.framework",
			);
			name = "[CP] Embed Pods Frameworks";
			outputPaths = (
				"${TARGET_BUILD_DIR}/${FRAMEWORKS_FOLDER_PATH}/DACircularProgress.framework",
				"${TARGET_BUILD_DIR}/${FRAMEWORKS_FOLDER_PATH}/IDMPhotoBrowser.framework",
				"${TARGET_BUILD_DIR}/${FRAMEWORKS_FOLDER_PATH}/LYAutoUtils.framework",
				"${TARGET_BUILD_DIR}/${FRAMEWORKS_FOLDER_PATH}/SDWebImage.framework",
				"${TARGET_BUILD_DIR}/${FRAMEWORKS_FOLDER_PATH}/SSZipArchive.framework",
				"${TARGET_BUILD_DIR}/${FRAMEWORKS_FOLDER_PATH}/TOCropViewController.framework",
				"${TARGET_BUILD_DIR}/${FRAMEWORKS_FOLDER_PATH}/pop.framework",
			);
			runOnlyForDeploymentPostprocessing = 0;
			shellPath = /bin/sh;
			shellScript = "\"${SRCROOT}/Pods/Target Support Files/Pods-LYAutoPhotoPickers/Pods-LYAutoPhotoPickers-frameworks.sh\"\n";
			showEnvVarsInLog = 0;
		};
		39E0B4AF7F976F46DD1C386D /* [CP] Check Pods Manifest.lock */ = {
			isa = PBXShellScriptBuildPhase;
			buildActionMask = 2147483647;
			files = (
			);
			inputPaths = (
				"${PODS_PODFILE_DIR_PATH}/Podfile.lock",
				"${PODS_ROOT}/Manifest.lock",
			);
			name = "[CP] Check Pods Manifest.lock";
			outputPaths = (
				"$(DERIVED_FILE_DIR)/Pods-LYAutoPhotoPickers-checkManifestLockResult.txt",
			);
			runOnlyForDeploymentPostprocessing = 0;
			shellPath = /bin/sh;
			shellScript = "diff \"${PODS_PODFILE_DIR_PATH}/Podfile.lock\" \"${PODS_ROOT}/Manifest.lock\" > /dev/null\nif [ $? != 0 ] ; then\n    # print error to STDERR\n    echo \"error: The sandbox is not in sync with the Podfile.lock. Run 'pod install' or update your CocoaPods installation.\" >&2\n    exit 1\nfi\n# This output is used by Xcode 'outputs' to avoid re-running this script phase.\necho \"SUCCESS\" > \"${SCRIPT_OUTPUT_FILE_0}\"\n";
			showEnvVarsInLog = 0;
		};
		5165A9E474A45535CE9EE220 /* [CP] Copy Pods Resources */ = {
			isa = PBXShellScriptBuildPhase;
			buildActionMask = 2147483647;
			files = (
			);
			inputPaths = (
			);
			name = "[CP] Copy Pods Resources";
			outputPaths = (
			);
			runOnlyForDeploymentPostprocessing = 0;
			shellPath = /bin/sh;
			shellScript = "\"${SRCROOT}/Pods/Target Support Files/Pods-LYAutoPhotoPickers/Pods-LYAutoPhotoPickers-resources.sh\"\n";
			showEnvVarsInLog = 0;
		};
/* End PBXShellScriptBuildPhase section */

/* Begin PBXSourcesBuildPhase section */
		8B1F99231EF231B7004DA42A /* Sources */ = {
			isa = PBXSourcesBuildPhase;
			buildActionMask = 2147483647;
			files = (
				8BCADC5220072B7B004AFBDF /* LYAutoQRScanView.swift in Sources */,
				8BCA8DA21F023F7300013B6E /* LYAutoAuthErrorController.swift in Sources */,
				8B838CC01F05F46B0009A4D9 /* LYAutoAlbumsController.swift in Sources */,
				8B1F992D1EF231B7004DA42A /* ViewController.swift in Sources */,
				8B838CCB1F0625850009A4D9 /* LYAutoPhotosController.swift in Sources */,
				8B838CCF1F062BD80009A4D9 /* LYAutoPhotoSelectCell.swift in Sources */,
				8B3895F41F033E3C0052C479 /* LYAutoCameraController.swift in Sources */,
				8BCA8D9F1F02381A00013B6E /* LYAutoPhotoPickers.swift in Sources */,
				8B60D91A1F0A203F005D57DD /* LYAutoQRCodeController.swift in Sources */,
				8B3895F21F033A470052C479 /* LYAutoPhotoBasicController.swift in Sources */,
				8B1F992B1EF231B7004DA42A /* AppDelegate.swift in Sources */,
				8B60D9181F09D36E005D57DD /* LYAutoPhotoExtensions.swift in Sources */,
				8B838CC51F05F4B10009A4D9 /* LYAutoAlbumCell.swift in Sources */,
			);
			runOnlyForDeploymentPostprocessing = 0;
		};
/* End PBXSourcesBuildPhase section */

/* Begin PBXVariantGroup section */
		8B1F992E1EF231B7004DA42A /* Main.storyboard */ = {
			isa = PBXVariantGroup;
			children = (
				8B1F992F1EF231B7004DA42A /* Base */,
			);
			name = Main.storyboard;
			sourceTree = "<group>";
		};
		8B1F99331EF231B7004DA42A /* LaunchScreen.storyboard */ = {
			isa = PBXVariantGroup;
			children = (
				8B1F99341EF231B7004DA42A /* Base */,
			);
			name = LaunchScreen.storyboard;
			sourceTree = "<group>";
		};
/* End PBXVariantGroup section */

/* Begin XCBuildConfiguration section */
		8B1F99371EF231B7004DA42A /* Debug */ = {
			isa = XCBuildConfiguration;
			buildSettings = {
				ALWAYS_SEARCH_USER_PATHS = NO;
				CLANG_ANALYZER_NONNULL = YES;
				CLANG_ANALYZER_NUMBER_OBJECT_CONVERSION = YES_AGGRESSIVE;
				CLANG_CXX_LANGUAGE_STANDARD = "gnu++0x";
				CLANG_CXX_LIBRARY = "libc++";
				CLANG_ENABLE_MODULES = YES;
				CLANG_ENABLE_OBJC_ARC = YES;
				CLANG_WARN_BLOCK_CAPTURE_AUTORELEASING = YES;
				CLANG_WARN_BOOL_CONVERSION = YES;
				CLANG_WARN_COMMA = YES;
				CLANG_WARN_CONSTANT_CONVERSION = YES;
				CLANG_WARN_DIRECT_OBJC_ISA_USAGE = YES_ERROR;
				CLANG_WARN_DOCUMENTATION_COMMENTS = YES;
				CLANG_WARN_EMPTY_BODY = YES;
				CLANG_WARN_ENUM_CONVERSION = YES;
				CLANG_WARN_INFINITE_RECURSION = YES;
				CLANG_WARN_INT_CONVERSION = YES;
				CLANG_WARN_NON_LITERAL_NULL_CONVERSION = YES;
				CLANG_WARN_OBJC_LITERAL_CONVERSION = YES;
				CLANG_WARN_OBJC_ROOT_CLASS = YES_ERROR;
				CLANG_WARN_RANGE_LOOP_ANALYSIS = YES;
				CLANG_WARN_STRICT_PROTOTYPES = YES;
				CLANG_WARN_SUSPICIOUS_MOVE = YES;
				CLANG_WARN_UNREACHABLE_CODE = YES;
				CLANG_WARN__DUPLICATE_METHOD_MATCH = YES;
				"CODE_SIGN_IDENTITY[sdk=iphoneos*]" = "iPhone Developer";
				COPY_PHASE_STRIP = NO;
				DEBUG_INFORMATION_FORMAT = dwarf;
				ENABLE_STRICT_OBJC_MSGSEND = YES;
				ENABLE_TESTABILITY = YES;
				GCC_C_LANGUAGE_STANDARD = gnu99;
				GCC_DYNAMIC_NO_PIC = NO;
				GCC_NO_COMMON_BLOCKS = YES;
				GCC_OPTIMIZATION_LEVEL = 0;
				GCC_PREPROCESSOR_DEFINITIONS = (
					"DEBUG=1",
					"$(inherited)",
				);
				GCC_WARN_64_TO_32_BIT_CONVERSION = YES;
				GCC_WARN_ABOUT_RETURN_TYPE = YES_ERROR;
				GCC_WARN_UNDECLARED_SELECTOR = YES;
				GCC_WARN_UNINITIALIZED_AUTOS = YES_AGGRESSIVE;
				GCC_WARN_UNUSED_FUNCTION = YES;
				GCC_WARN_UNUSED_VARIABLE = YES;
				IPHONEOS_DEPLOYMENT_TARGET = 8.0;
				MTL_ENABLE_DEBUG_INFO = YES;
				ONLY_ACTIVE_ARCH = YES;
				SDKROOT = iphoneos;
				SWIFT_ACTIVE_COMPILATION_CONDITIONS = DEBUG;
				SWIFT_OPTIMIZATION_LEVEL = "-Onone";
				SWIFT_VERSION = 4.0;
			};
			name = Debug;
		};
		8B1F99381EF231B7004DA42A /* Release */ = {
			isa = XCBuildConfiguration;
			buildSettings = {
				ALWAYS_SEARCH_USER_PATHS = NO;
				CLANG_ANALYZER_NONNULL = YES;
				CLANG_ANALYZER_NUMBER_OBJECT_CONVERSION = YES_AGGRESSIVE;
				CLANG_CXX_LANGUAGE_STANDARD = "gnu++0x";
				CLANG_CXX_LIBRARY = "libc++";
				CLANG_ENABLE_MODULES = YES;
				CLANG_ENABLE_OBJC_ARC = YES;
				CLANG_WARN_BLOCK_CAPTURE_AUTORELEASING = YES;
				CLANG_WARN_BOOL_CONVERSION = YES;
				CLANG_WARN_COMMA = YES;
				CLANG_WARN_CONSTANT_CONVERSION = YES;
				CLANG_WARN_DIRECT_OBJC_ISA_USAGE = YES_ERROR;
				CLANG_WARN_DOCUMENTATION_COMMENTS = YES;
				CLANG_WARN_EMPTY_BODY = YES;
				CLANG_WARN_ENUM_CONVERSION = YES;
				CLANG_WARN_INFINITE_RECURSION = YES;
				CLANG_WARN_INT_CONVERSION = YES;
				CLANG_WARN_NON_LITERAL_NULL_CONVERSION = YES;
				CLANG_WARN_OBJC_LITERAL_CONVERSION = YES;
				CLANG_WARN_OBJC_ROOT_CLASS = YES_ERROR;
				CLANG_WARN_RANGE_LOOP_ANALYSIS = YES;
				CLANG_WARN_STRICT_PROTOTYPES = YES;
				CLANG_WARN_SUSPICIOUS_MOVE = YES;
				CLANG_WARN_UNREACHABLE_CODE = YES;
				CLANG_WARN__DUPLICATE_METHOD_MATCH = YES;
				"CODE_SIGN_IDENTITY[sdk=iphoneos*]" = "iPhone Developer";
				COPY_PHASE_STRIP = NO;
				DEBUG_INFORMATION_FORMAT = "dwarf-with-dsym";
				ENABLE_NS_ASSERTIONS = NO;
				ENABLE_STRICT_OBJC_MSGSEND = YES;
				GCC_C_LANGUAGE_STANDARD = gnu99;
				GCC_NO_COMMON_BLOCKS = YES;
				GCC_WARN_64_TO_32_BIT_CONVERSION = YES;
				GCC_WARN_ABOUT_RETURN_TYPE = YES_ERROR;
				GCC_WARN_UNDECLARED_SELECTOR = YES;
				GCC_WARN_UNINITIALIZED_AUTOS = YES_AGGRESSIVE;
				GCC_WARN_UNUSED_FUNCTION = YES;
				GCC_WARN_UNUSED_VARIABLE = YES;
				IPHONEOS_DEPLOYMENT_TARGET = 8.0;
				MTL_ENABLE_DEBUG_INFO = NO;
				SDKROOT = iphoneos;
				SWIFT_OPTIMIZATION_LEVEL = "-Owholemodule";
				SWIFT_VERSION = 4.0;
				VALIDATE_PRODUCT = YES;
			};
			name = Release;
		};
		8B1F993A1EF231B7004DA42A /* Debug */ = {
			isa = XCBuildConfiguration;
			baseConfigurationReference = 8FB9C1EE28964138CD78EF4C /* Pods-LYAutoPhotoPickers.debug.xcconfig */;
			buildSettings = {
				ASSETCATALOG_COMPILER_APPICON_NAME = AppIcon;
				DEVELOPMENT_TEAM = 28B5J4N7T8;
				INFOPLIST_FILE = LYAutoPhotoPickers/Info.plist;
				IPHONEOS_DEPLOYMENT_TARGET = 8.0;
				LD_RUNPATH_SEARCH_PATHS = "$(inherited) @executable_path/Frameworks";
				PRODUCT_BUNDLE_IDENTIFIER = com.czcg.LYAutoPhotoPickers;
				PRODUCT_NAME = "$(TARGET_NAME)";
				PROVISIONING_PROFILE = "e323d557-b6ba-4bd1-9e66-844716e9dd6e";
				PROVISIONING_PROFILE_SPECIFIER = CaiTuoGeneralCertificate_Dev;
				SWIFT_SWIFT3_OBJC_INFERENCE = Default;
				SWIFT_VERSION = 4.0;
			};
			name = Debug;
		};
		8B1F993B1EF231B7004DA42A /* Release */ = {
			isa = XCBuildConfiguration;
			baseConfigurationReference = 4E69B0E5BC8103B21DC820F6 /* Pods-LYAutoPhotoPickers.release.xcconfig */;
			buildSettings = {
				ASSETCATALOG_COMPILER_APPICON_NAME = AppIcon;
				DEVELOPMENT_TEAM = 28B5J4N7T8;
				INFOPLIST_FILE = LYAutoPhotoPickers/Info.plist;
				IPHONEOS_DEPLOYMENT_TARGET = 8.0;
				LD_RUNPATH_SEARCH_PATHS = "$(inherited) @executable_path/Frameworks";
				PRODUCT_BUNDLE_IDENTIFIER = com.czcg.LYAutoPhotoPickers;
				PRODUCT_NAME = "$(TARGET_NAME)";
				PROVISIONING_PROFILE = "e323d557-b6ba-4bd1-9e66-844716e9dd6e";
				PROVISIONING_PROFILE_SPECIFIER = CaiTuoGeneralCertificate_Dev;
				SWIFT_SWIFT3_OBJC_INFERENCE = Default;
				SWIFT_VERSION = 4.0;
			};
			name = Release;
		};
/* End XCBuildConfiguration section */

/* Begin XCConfigurationList section */
		8B1F99221EF231B7004DA42A /* Build configuration list for PBXProject "LYAutoPhotoPickers" */ = {
			isa = XCConfigurationList;
			buildConfigurations = (
				8B1F99371EF231B7004DA42A /* Debug */,
				8B1F99381EF231B7004DA42A /* Release */,
			);
			defaultConfigurationIsVisible = 0;
			defaultConfigurationName = Release;
		};
		8B1F99391EF231B7004DA42A /* Build configuration list for PBXNativeTarget "LYAutoPhotoPickers" */ = {
			isa = XCConfigurationList;
			buildConfigurations = (
				8B1F993A1EF231B7004DA42A /* Debug */,
				8B1F993B1EF231B7004DA42A /* Release */,
			);
			defaultConfigurationIsVisible = 0;
			defaultConfigurationName = Release;
		};
/* End XCConfigurationList section */
	};
	rootObject = 8B1F991F1EF231B7004DA42A /* Project object */;
}
