PODS:
  - CropViewController (2.5.2)
  - JXPhotoBrowser (3.0.9)
  - LYAutoUtils (0.3.1):
    - pop
    - Zip
  - pop (1.0.12)
  - Zip (1.1.0)

DEPENDENCIES:
  - CropViewController
  - JXPhotoBrowser
  - LYAutoUtils

SPEC REPOS:
  https://github.com/CocoaPods/Specs.git:
    - CropViewController
    - JXPhotoBrowser
    - LYAutoUtils
    - pop
    - Zip

SPEC CHECKSUMS:
  CropViewController: 1aac40093c5739e60d992b04724a55d12a689a4c
  JXPhotoBrowser: b22932bfd53492848a63da85a568bf959548fefc
  LYAutoUtils: bca569a0de834d97db3939e024adc0ccb4a664f4
  pop: d582054913807fd11fd50bfe6a539d91c7e1a55a
  Zip: 8877eede3dda76bcac281225c20e71c25270774c

PODFILE CHECKSUM: d1040994f3ce00d7f96628044a1870d2ab64d24b

COCOAPODS: 1.8.4
