PODS:
  - LYAutoUtils (0.0.3):
    - pop (~> 1.0)
    - SSZipArchive
  - pop (1.0.10)
  - SKPhotoBrowser (4.0.1)
  - SnapKit (3.2.0)
  - SSZipArchive (2.0.3)
  - TOCropViewController (2.0.12)

DEPENDENCIES:
  - LYAutoUtils
  - SKPhotoBrowser
  - SnapKit
  - TOCropViewController

SPEC CHECKSUMS:
  LYAutoUtils: 22dc98f9d6074d7c06769c015501cd7647a7a17a
  pop: 82ca6b068ce9278fd350fd9dd09482a0ce9492e6
  SKPhotoBrowser: 3a7c6fc02aa1620ab17253a47a49fafda46536e8
  SnapKit: 1ca44df72cfa543218d177cb8aab029d10d86ea7
  SSZipArchive: b6648b70a36303ca5be9f0351174b347e1886236
  TOCropViewController: e6e31b38d785a901e5651a1e7fff71bcda6c5214

PODFILE CHECKSUM: 57e5615a1f640e3d68bb18aea595aea58e678fc0

COCOAPODS: 1.2.1
