PODS:
  - CropViewController (2.3.6)
  - JXPhotoBrowser (1.3.0):
    - Kingfisher
  - Kingfisher (4.8.0)
  - LYAutoUtils (0.2.7):
    - pop
    - Zip
  - pop (1.0.10)
  - Zip (1.1.0)

DEPENDENCIES:
  - CropViewController
  - JXPhotoBrowser
  - LYAutoUtils

SPEC REPOS:
  https://github.com/cocoapods/specs.git:
    - CropViewController
    - JXPhotoBrowser
    - Kingfisher
    - LYAutoUtils
    - pop
    - Zip

SPEC CHECKSUMS:
  CropViewController: e6d4bd512d15a1709e9ddf71fe7d98ffd05dda0f
  JXPhotoBrowser: 297217c8085547f56c4c5fb250758a568d60ce47
  Kingfisher: 976d828df2b24834c6a3f2fc4d82cdbd26552be1
  LYAutoUtils: 290760898e08a960e6e0cf9286f355b88b3c8219
  pop: 82ca6b068ce9278fd350fd9dd09482a0ce9492e6
  Zip: 8877eede3dda76bcac281225c20e71c25270774c

PODFILE CHECKSUM: e613d339f56bb7c0f118277539a8c93065f9b1f0

COCOAPODS: 1.5.3
